lockfileVersion: '9.0'

settings:
  autoInstallPeers: true
  excludeLinksFromLockfile: false

importers:

  .:
    devDependencies:
      squawk-cli:
        specifier: ^2.63.0
        version: 2.63.0

packages:

  '@squawk-cli/darwin-arm64@2.63.0':
    resolution: {integrity: sha512-YaSfsQ8c0bb93thcBmJWLOte/1MExUFn6mVWfSqjgaFHip0UGHa3X4oZJiCdk75f/Tw2GrGmAiLV2/eQqnYfUA==}
    cpu: [arm64]
    os: [darwin]

  '@squawk-cli/darwin-x64@2.63.0':
    resolution: {integrity: sha512-y23BkUAzD5VtxjCr2JGZz3j+gMVueyad6t4f8AfXV/cNp2CEY+5EmO7QAjXD9z8ro8Oye4F9aId9A5gCNsbh9A==}
    cpu: [x64]
    os: [darwin]

  '@squawk-cli/linux-arm64@2.63.0':
    resolution: {integrity: sha512-ino85Bg5vL3XIHCBLadoQdaTIZlTg+oh9LriyejIGur7s15fhavDkwhCjqnEUKznGnqsx7x92yW2uDUbJM3fYw==}
    cpu: [arm64]
    os: [linux]

  '@squawk-cli/linux-x64@2.63.0':
    resolution: {integrity: sha512-dh1IiQGs/7M9cQEHaC2JkV6lYrLoR5ytAyznRLxcBAfzExSfqEz/gPwc11dewzFZDq3G6TmKKVbMNhcWIhAsww==}
    cpu: [x64]
    os: [linux]

  '@squawk-cli/win32-x64@2.63.0':
    resolution: {integrity: sha512-7939Y/zW6ni0X/Zp19Mml8wS35eOsszgFT+RuZH5zYZwWvQxjEa00pc3baPugb9VIAIdWVMnJTjBcmFA31sKfg==}
    cpu: [x64]
    os: [win32]

  squawk-cli@2.63.0:
    resolution: {integrity: sha512-OR9UHzY3kSLoZCB4qk3iSHeEm9pwVccHSWnRggfvRKo/QAddkWJEyoXlIsz0gPAPpzsyk60WcaY4SkswZTXPVA==}
    hasBin: true

snapshots:

  '@squawk-cli/darwin-arm64@2.63.0':
    optional: true

  '@squawk-cli/darwin-x64@2.63.0':
    optional: true

  '@squawk-cli/linux-arm64@2.63.0':
    optional: true

  '@squawk-cli/linux-x64@2.63.0':
    optional: true

  '@squawk-cli/win32-x64@2.63.0':
    optional: true

  squawk-cli@2.63.0:
    optionalDependencies:
      '@squawk-cli/darwin-arm64': 2.63.0
      '@squawk-cli/darwin-x64': 2.63.0
      '@squawk-cli/linux-arm64': 2.63.0
      '@squawk-cli/linux-x64': 2.63.0
      '@squawk-cli/win32-x64': 2.63.0
